github.com/alexsergivan/transliterator v1.0.1 h1:vON2ilWCHjq+S5Y4obhLGhHK4Y1VIhsHEtQlij5d9pI=
github.com/alexsergivan/transliterator v1.0.1/go.mod h1:0IrumukulURJ4PD0z6UcdJKP2job1DYDhnHAP5y+5pE=
github.com/dal-go/dalgo v0.13.1 h1:vRV4dGpBKaRYteJRIbDTh+7lqS/7Gs8ns3ij3jEy/Ug=
github.com/dal-go/dalgo v0.13.1/go.mod h1:tErF10bqQiNrwJQ5qwL3kwoaUa6dDq4z3X3pdChr3Ms=
github.com/dal-go/dalgo v0.13.2 h1:q1NKsfn9vX90ugMyFp+yNVUyS4ykD/sjXpXibyx1Fb8=
github.com/dal-go/dalgo v0.13.2/go.mod h1:tErF10bqQiNrwJQ5qwL3kwoaUa6dDq4z3X3pdChr3Ms=
github.com/dal-go/dalgo v0.14.0 h1:XhEmNfbCtV5ISxzFBE/Bk7W8OpWePYRmlvlJ/8Jk+dQ=
github.com/dal-go/dalgo v0.14.0/go.mod h1:tErF10bqQiNrwJQ5qwL3kwoaUa6dDq4z3X3pdChr3Ms=
github.com/davecgh/go-spew v1.1.0/go.mod h1:J7Y8YcW2NihsgmVo/mv3lAwl/skON4iLHjSsI+c5H38=
github.com/davecgh/go-spew v1.1.1 h1:vj9j/u1bqnvCEfJOwUhtlOARqs3+rkHYY13jYWTU97c=
github.com/davecgh/go-spew v1.1.1/go.mod h1:J7Y8YcW2NihsgmVo/mv3lAwl/skON4iLHjSsI+c5H38=
github.com/pmezard/go-difflib v1.0.0 h1:4DBwDE0NGyQoBHbLQYPwSUPoCMWR5BEzIk/f1lZbAQM=
github.com/pmezard/go-difflib v1.0.0/go.mod h1:iKH77koFhYxTK1pcRnkKkqfTogsbg7gZNVY4sRDYZ/4=
github.com/stretchr/objx v0.1.0/go.mod h1:HFkY916IF+rwdDfMAkV7OtwuqBVzrE8GR6GFx+wExME=
github.com/stretchr/testify v1.5.1/go.mod h1:5W2xD1RspED5o8YsWQXVCued0rvSQ+mT+I5cxcmMvtA=
github.com/stretchr/testify v1.9.0 h1:HtqpIVDClZ4nwg75+f6Lvsy/wHu+3BoSGCbBAcpTsTg=
github.com/stretchr/testify v1.9.0/go.mod h1:r2ic/lqez/lEtzL7wO/rwa5dbSLXVDPFyf8C91i36aY=
github.com/strongo/random v0.0.1 h1:OZHJBb/3uEa7OX8L2Dv2pLnSeewRmXMyTACoeto6O8I=
github.com/strongo/random v0.0.1/go.mod h1:/pSI+SjBNLBkjljNtVdYr6ERddA+LqSa87o0/s+9iuU=
github.com/strongo/slice v0.2.0 h1:HpoBqFuE/kqQLgQf6S4r8rvO8hmeplk1WD9u7Z30V68=
github.com/strongo/slice v0.2.0/go.mod h1:5OL1zbsT5e93IihjLNag5epqjti5d24bGyOqWMgtX/o=
github.com/strongo/slice v0.3.0 h1:ucuI4z0nrZst6kXSTs3GhC7nbXiwyn09EiXQ+9AldrU=
github.com/strongo/slice v0.3.0/go.mod h1:5OL1zbsT5e93IihjLNag5epqjti5d24bGyOqWMgtX/o=
github.com/strongo/validation v0.0.7 h1:gs6YkwPsYtVsepQaQOB+ZF+T0Gu5+nk4ZMND8F85e+U=
github.com/strongo/validation v0.0.7/go.mod h1:YUwoPEItLJd/Bc9X1OCUm03ofhvm3kwZvuihU7/jz58=
gopkg.in/check.v1 v0.0.0-20161208181325-20d25e280405 h1:yhCVgyC4o1eVCa2tZl7eS0r+SDo693bJlVdllGtEeKM=
gopkg.in/check.v1 v0.0.0-20161208181325-20d25e280405/go.mod h1:Co6ibVJAznAaIkqp8huTwlJQCZ016jof/cbN4VW5Yz0=
gopkg.in/yaml.v2 v2.2.2/go.mod h1:hI93XBmqTisBFMUTm0b8Fm+jr3Dg1NNxqwp+5A1VGuI=
gopkg.in/yaml.v3 v3.0.1 h1:fxVm/GzAzEWqLHuvctI91KS9hhNmmWOoWu0XTYJS7CA=
gopkg.in/yaml.v3 v3.0.1/go.mod h1:K4uyk7z7BCEPqu6E+C64Yfv1cQ7kz7rIZviUmN+EgEM=
